
Microsoft Visual Studio Solution File, Format Version 12.00
# Visual Studio 2013
VisualStudioVersion = 12.0.40629.0
MinimumVisualStudioVersion = 10.0.40219.1
Project("{FAE04EC0-301F-11D3-BF4B-00C04F79EFBC}") = "ConsoleApplication1", "ConsoleApplication1\ConsoleApplication1.csproj", "{1E37BC43-B34E-43F1-8D6D-6A7AB7428B41}"
EndProject
Project("{FAE04EC0-301F-11D3-BF4B-00C04F79EFBC}") = "NumberGeneratorLibrary", "NumberGeneratorLibrary\NumberGeneratorLibrary.csproj", "{93E46668-35B8-4979-A03A-F4BA5AA43302}"
EndProject
Global
	GlobalSection(SolutionConfigurationPlatforms) = preSolution
		Debug|Any CPU = Debug|Any CPU
		Release|Any CPU = Release|Any CPU
	EndGlobalSection
	GlobalSection(ProjectConfigurationPlatforms) = postSolution
		{1E37BC43-B34E-43F1-8D6D-6A7AB7428B41}.Debug|Any CPU.ActiveCfg = Debug|Any CPU
		{1E37BC43-B34E-43F1-8D6D-6A7AB7428B41}.Debug|Any CPU.Build.0 = Debug|Any CPU
		{1E37BC43-B34E-43F1-8D6D-6A7AB7428B41}.Release|Any CPU.ActiveCfg = Release|Any CPU
		{1E37BC43-B34E-43F1-8D6D-6A7AB7428B41}.Release|Any CPU.Build.0 = Release|Any CPU
		{93E46668-35B8-4979-A03A-F4BA5AA43302}.Debug|Any CPU.ActiveCfg = Debug|Any CPU
		{93E46668-35B8-4979-A03A-F4BA5AA43302}.Debug|Any CPU.Build.0 = Debug|Any CPU
		{93E46668-35B8-4979-A03A-F4BA5AA43302}.Release|Any CPU.ActiveCfg = Release|Any CPU
		{93E46668-35B8-4979-A03A-F4BA5AA43302}.Release|Any CPU.Build.0 = Release|Any CPU
	EndGlobalSection
	GlobalSection(SolutionProperties) = preSolution
		HideSolutionNode = FALSE
	EndGlobalSection
EndGlobal
